
Microsoft Visual Studio Solution File, Format Version 12.00
# Visual Studio Version 17
VisualStudioVersion = 17.9.34728.123
MinimumVisualStudioVersion = 10.0.40219.1
Project("{FAE04EC0-301F-11D3-BF4B-00C04F79EFBC}") = "CapitalApp", "CapitalApp.csproj", "{E160D42E-90BE-4C68-9376-E6BB9DFA8993}"
EndProject
Global
	GlobalSection(SolutionConfigurationPlatforms) = preSolution
		Debug|Any CPU = Debug|Any CPU
		Release|Any CPU = Release|Any CPU
	EndGlobalSection
	GlobalSection(ProjectConfigurationPlatforms) = postSolution
		{E160D42E-90BE-4C68-9376-E6BB9DFA8993}.Debug|Any CPU.ActiveCfg = Debug|Any CPU
		{E160D42E-90BE-4C68-9376-E6BB9DFA8993}.Debug|Any CPU.Build.0 = Debug|Any CPU
		{E160D42E-90BE-4C68-9376-E6BB9DFA8993}.Release|Any CPU.ActiveCfg = Release|Any CPU
		{E160D42E-90BE-4C68-9376-E6BB9DFA8993}.Release|Any CPU.Build.0 = Release|Any CPU
	EndGlobalSection
	GlobalSection(SolutionProperties) = preSolution
		HideSolutionNode = FALSE
	EndGlobalSection
	GlobalSection(ExtensibilityGlobals) = postSolution
		SolutionGuid = {CFB7B120-B667-4022-BAFA-97E0E5831249}
	EndGlobalSection
EndGlobal
